
Microsoft Visual Studio Solution File, Format Version 12.00
# Visual Studio 15
VisualStudioVersion = 15.0.28307.1000
MinimumVisualStudioVersion = 10.0.40219.1
Project("{FAE04EC0-301F-11D3-BF4B-00C04F79EFBC}") = "MyBoards", "MyBoards\MyBoards.csproj", "{65D14CEE-09CF-41D5-9478-C1D6D96A26BC}"
EndProject
Global
	GlobalSection(SolutionConfigurationPlatforms) = preSolution
		Debug|Any CPU = Debug|Any CPU
		Release|Any CPU = Release|Any CPU
	EndGlobalSection
	GlobalSection(ProjectConfigurationPlatforms) = postSolution
		{65D14CEE-09CF-41D5-9478-C1D6D96A26BC}.Debug|Any CPU.ActiveCfg = Debug|Any CPU
		{65D14CEE-09CF-41D5-9478-C1D6D96A26BC}.Debug|Any CPU.Build.0 = Debug|Any CPU
		{65D14CEE-09CF-41D5-9478-C1D6D96A26BC}.Release|Any CPU.ActiveCfg = Release|Any CPU
		{65D14CEE-09CF-41D5-9478-C1D6D96A26BC}.Release|Any CPU.Build.0 = Release|Any CPU
	EndGlobalSection
	GlobalSection(SolutionProperties) = preSolution
		HideSolutionNode = FALSE
	EndGlobalSection
	GlobalSection(ExtensibilityGlobals) = postSolution
		SolutionGuid = {A3BD7F69-3D4A-41F7-8B31-0D927EAFF38D}
	EndGlobalSection
EndGlobal
